
Microsoft Visual Studio Solution File, Format Version 12.00
# Visual Studio Version 17
VisualStudioVersion = 17.5.33516.290
MinimumVisualStudioVersion = 10.0.40219.1
Project("{FAE04EC0-301F-11D3-BF4B-00C04F79EFBC}") = "calculator", "calculator\calculator.csproj", "{7F36C644-51C1-493E-B1FC-A6CB43F82D7D}"
EndProject
Global
	GlobalSection(SolutionConfigurationPlatforms) = preSolution
		Debug|Any CPU = Debug|Any CPU
		Release|Any CPU = Release|Any CPU
	EndGlobalSection
	GlobalSection(ProjectConfigurationPlatforms) = postSolution
		{7F36C644-51C1-493E-B1FC-A6CB43F82D7D}.Debug|Any CPU.ActiveCfg = Debug|Any CPU
		{7F36C644-51C1-493E-B1FC-A6CB43F82D7D}.Debug|Any CPU.Build.0 = Debug|Any CPU
		{7F36C644-51C1-493E-B1FC-A6CB43F82D7D}.Release|Any CPU.ActiveCfg = Release|Any CPU
		{7F36C644-51C1-493E-B1FC-A6CB43F82D7D}.Release|Any CPU.Build.0 = Release|Any CPU
	EndGlobalSection
	GlobalSection(SolutionProperties) = preSolution
		HideSolutionNode = FALSE
	EndGlobalSection
	GlobalSection(ExtensibilityGlobals) = postSolution
		SolutionGuid = {085790BE-BBC1-425D-B22B-293A133FE82B}
	EndGlobalSection
EndGlobal
